
Microsoft Visual Studio Solution File, Format Version 12.00
Project("{FAE04EC0-301F-11D3-BF4B-00C04F79EFBC}") = "TodoApi", "TodoApi\TodoApi.csproj", "{235FF613-7EFA-4A8A-AE99-AB462987AA67}"
EndProject
Global
	GlobalSection(SolutionConfigurationPlatforms) = preSolution
		Debug|Any CPU = Debug|Any CPU
		Release|Any CPU = Release|Any CPU
	EndGlobalSection
	GlobalSection(ProjectConfigurationPlatforms) = postSolution
		{235FF613-7EFA-4A8A-AE99-AB462987AA67}.Debug|Any CPU.ActiveCfg = Debug|Any CPU
		{235FF613-7EFA-4A8A-AE99-AB462987AA67}.Debug|Any CPU.Build.0 = Debug|Any CPU
		{235FF613-7EFA-4A8A-AE99-AB462987AA67}.Release|Any CPU.ActiveCfg = Release|Any CPU
		{235FF613-7EFA-4A8A-AE99-AB462987AA67}.Release|Any CPU.Build.0 = Release|Any CPU
	EndGlobalSection
EndGlobal
